# THIS IS AN AUTOGENERATED FILE. DO NOT EDIT THIS FILE DIRECTLY.
# yarn lockfile v1


"typescript@npm:@msfast/typescript-platform-resolution@3.7.3-global-platforms-fix":
  version "3.7.3-global-platforms-fix"
  resolved "https://registry.yarnpkg.com/@msfast/typescript-platform-resolution/-/typescript-platform-resolution-3.7.3-global-platforms-fix.tgz#57bdf1581843123284cdf884cf5e251670fb81e4"
  integrity sha512-3Sv3XXvcnF8DACK+GIvTvkHmEIGzr0/UGRrxHurpYvSZ7yxHGqNwrpREMGsm19x4/m4BLmi7ciJV4I8ErTmThw==
